// !$*UTF8*$!
{
	archiveVersion = 1;
	classes = {
	};
	objectVersion = 55;
	objects = {

/* Begin PBXBuildFile section */
		50D544D927EE450C00986596 /* AppDelegate.swift in Sources */ = {isa = PBXBuildFile; fileRef = 50D544D827EE450C00986596 /* AppDelegate.swift */; };
		50D544DB27EE450C00986596 /* SceneDelegate.swift in Sources */ = {isa = PBXBuildFile; fileRef = 50D544DA27EE450C00986596 /* SceneDelegate.swift */; };
		50D544DD27EE450C00986596 /* ViewController.swift in Sources */ = {isa = PBXBuildFile; fileRef = 50D544DC27EE450C00986596 /* ViewController.swift */; };
		50D544E027EE450C00986596 /* Main.storyboard in Resources */ = {isa = PBXBuildFile; fileRef = 50D544DE27EE450C00986596 /* Main.storyboard */; };
		50D544E327EE450C00986596 /* ODPM_iOS.xcdatamodeld in Sources */ = {isa = PBXBuildFile; fileRef = 50D544E127EE450C00986596 /* ODPM_iOS.xcdatamodeld */; };
		50D544E527EE450D00986596 /* Assets.xcassets in Resources */ = {isa = PBXBuildFile; fileRef = 50D544E427EE450D00986596 /* Assets.xcassets */; };
		50D544E827EE450D00986596 /* LaunchScreen.storyboard in Resources */ = {isa = PBXBuildFile; fileRef = 50D544E627EE450D00986596 /* LaunchScreen.storyboard */; };
		50D544F127EE461B00986596 /* PasswordItem+CoreDataClass.swift in Sources */ = {isa = PBXBuildFile; fileRef = 50D544EF27EE461B00986596 /* PasswordItem+CoreDataClass.swift */; };
		50D544F227EE461B00986596 /* PasswordItem+CoreDataProperties.swift in Sources */ = {isa = PBXBuildFile; fileRef = 50D544F027EE461B00986596 /* PasswordItem+CoreDataProperties.swift */; };
/* End PBXBuildFile section */

/* Begin PBXFileReference section */
		50D544D527EE450C00986596 /* ODPM_iOS.app */ = {isa = PBXFileReference; explicitFileType = wrapper.application; includeInIndex = 0; path = ODPM_iOS.app; sourceTree = BUILT_PRODUCTS_DIR; };
		50D544D827EE450C00986596 /* AppDelegate.swift */ = {isa = PBXFileReference; lastKnownFileType = sourcecode.swift; path = AppDelegate.swift; sourceTree = "<group>"; };
		50D544DA27EE450C00986596 /* SceneDelegate.swift */ = {isa = PBXFileReference; lastKnownFileType = sourcecode.swift; path = SceneDelegate.swift; sourceTree = "<group>"; };
		50D544DC27EE450C00986596 /* ViewController.swift */ = {isa = PBXFileReference; lastKnownFileType = sourcecode.swift; path = ViewController.swift; sourceTree = "<group>"; };
		50D544DF27EE450C00986596 /* Base */ = {isa = PBXFileReference; lastKnownFileType = file.storyboard; name = Base; path = Base.lproj/Main.storyboard; sourceTree = "<group>"; };
		50D544E227EE450C00986596 /* ODPM_iOS.xcdatamodel */ = {isa = PBXFileReference; lastKnownFileType = wrapper.xcdatamodel; path = ODPM_iOS.xcdatamodel; sourceTree = "<group>"; };
		50D544E427EE450D00986596 /* Assets.xcassets */ = {isa = PBXFileReference; lastKnownFileType = folder.assetcatalog; path = Assets.xcassets; sourceTree = "<group>"; };
		50D544E727EE450D00986596 /* Base */ = {isa = PBXFileReference; lastKnownFileType = file.storyboard; name = Base; path = Base.lproj/LaunchScreen.storyboard; sourceTree = "<group>"; };
		50D544E927EE450D00986596 /* Info.plist */ = {isa = PBXFileReference; lastKnownFileType = text.plist.xml; path = Info.plist; sourceTree = "<group>"; };
		50D544EF27EE461B00986596 /* PasswordItem+CoreDataClass.swift */ = {isa = PBXFileReference; lastKnownFileType = sourcecode.swift; path = "PasswordItem+CoreDataClass.swift"; sourceTree = "<group>"; };
		50D544F027EE461B00986596 /* PasswordItem+CoreDataProperties.swift */ = {isa = PBXFileReference; lastKnownFileType = sourcecode.swift; path = "PasswordItem+CoreDataProperties.swift"; sourceTree = "<group>"; };
/* End PBXFileReference section */

/* Begin PBXFrameworksBuildPhase section */
		50D544D227EE450C00986596 /* Frameworks */ = {
			isa = PBXFrameworksBuildPhase;
			buildActionMask = 2147483647;
			files = (
			);
			runOnlyForDeploymentPostprocessing = 0;
		};
/* End PBXFrameworksBuildPhase section */

/* Begin PBXGroup section */
		50D544CC27EE450C00986596 = {
			isa = PBXGroup;
			children = (
				50D544D727EE450C00986596 /* ODPM_iOS */,
				50D544D627EE450C00986596 /* Products */,
			);
			sourceTree = "<group>";
		};
		50D544D627EE450C00986596 /* Products */ = {
			isa = PBXGroup;
			children = (
				50D544D527EE450C00986596 /* ODPM_iOS.app */,
			);
			name = Products;
			sourceTree = "<group>";
		};
		50D544D727EE450C00986596 /* ODPM_iOS */ = {
			isa = PBXGroup;
			children = (
				50D544F327EE464C00986596 /* PasswordItem */,
				50D544D827EE450C00986596 /* AppDelegate.swift */,
				50D544DA27EE450C00986596 /* SceneDelegate.swift */,
				50D544DC27EE450C00986596 /* ViewController.swift */,
				50D544DE27EE450C00986596 /* Main.storyboard */,
				50D544E427EE450D00986596 /* Assets.xcassets */,
				50D544E627EE450D00986596 /* LaunchScreen.storyboard */,
				50D544E927EE450D00986596 /* Info.plist */,
				50D544E127EE450C00986596 /* ODPM_iOS.xcdatamodeld */,
			);
			path = ODPM_iOS;
			sourceTree = "<group>";
		};
		50D544F327EE464C00986596 /* PasswordItem */ = {
			isa = PBXGroup;
			children = (
				50D544EF27EE461B00986596 /* PasswordItem+CoreDataClass.swift */,
				50D544F027EE461B00986596 /* PasswordItem+CoreDataProperties.swift */,
			);
			path = PasswordItem;
			sourceTree = "<group>";
		};
/* End PBXGroup section */

/* Begin PBXNativeTarget section */
		50D544D427EE450C00986596 /* ODPM_iOS */ = {
			isa = PBXNativeTarget;
			buildConfigurationList = 50D544EC27EE450D00986596 /* Build configuration list for PBXNativeTarget "ODPM_iOS" */;
			buildPhases = (
				50D544D127EE450C00986596 /* Sources */,
				50D544D227EE450C00986596 /* Frameworks */,
				50D544D327EE450C00986596 /* Resources */,
			);
			buildRules = (
			);
			dependencies = (
			);
			name = ODPM_iOS;
			productName = ODPM_iOS;
			productReference = 50D544D527EE450C00986596 /* ODPM_iOS.app */;
			productType = "com.apple.product-type.application";
		};
/* End PBXNativeTarget section */

/* Begin PBXProject section */
		50D544CD27EE450C00986596 /* Project object */ = {
			isa = PBXProject;
			attributes = {
				BuildIndependentTargetsInParallel = 1;
				LastSwiftUpdateCheck = 1330;
				LastUpgradeCheck = 1330;
				TargetAttributes = {
					50D544D427EE450C00986596 = {
						CreatedOnToolsVersion = 13.3;
					};
				};
			};
			buildConfigurationList = 50D544D027EE450C00986596 /* Build configuration list for PBXProject "ODPM_iOS" */;
			compatibilityVersion = "Xcode 13.0";
			developmentRegion = en;
			hasScannedForEncodings = 0;
			knownRegions = (
				en,
				Base,
			);
			mainGroup = 50D544CC27EE450C00986596;
			productRefGroup = 50D544D627EE450C00986596 /* Products */;
			projectDirPath = "";
			projectRoot = "";
			targets = (
				50D544D427EE450C00986596 /* ODPM_iOS */,
			);
		};
/* End PBXProject section */

/* Begin PBXResourcesBuildPhase section */
		50D544D327EE450C00986596 /* Resources */ = {
			isa = PBXResourcesBuildPhase;
			buildActionMask = 2147483647;
			files = (
				50D544E827EE450D00986596 /* LaunchScreen.storyboard in Resources */,
				50D544E527EE450D00986596 /* Assets.xcassets in Resources */,
				50D544E027EE450C00986596 /* Main.storyboard in Resources */,
			);
			runOnlyForDeploymentPostprocessing = 0;
		};
/* End PBXResourcesBuildPhase section */

/* Begin PBXSourcesBuildPhase section */
		50D544D127EE450C00986596 /* Sources */ = {
			isa = PBXSourcesBuildPhase;
			buildActionMask = 2147483647;
			files = (
				50D544DD27EE450C00986596 /* ViewController.swift in Sources */,
				50D544F227EE461B00986596 /* PasswordItem+CoreDataProperties.swift in Sources */,
				50D544D927EE450C00986596 /* AppDelegate.swift in Sources */,
				50D544F127EE461B00986596 /* PasswordItem+CoreDataClass.swift in Sources */,
				50D544DB27EE450C00986596 /* SceneDelegate.swift in Sources */,
				50D544E327EE450C00986596 /* ODPM_iOS.xcdatamodeld in Sources */,
			);
			runOnlyForDeploymentPostprocessing = 0;
		};
/* End PBXSourcesBuildPhase section */

/* Begin PBXVariantGroup section */
		50D544DE27EE450C00986596 /* Main.storyboard */ = {
			isa = PBXVariantGroup;
			children = (
				50D544DF27EE450C00986596 /* Base */,
			);
			name = Main.storyboard;
			sourceTree = "<group>";
		};
		50D544E627EE450D00986596 /* LaunchScreen.storyboard */ = {
			isa = PBXVariantGroup;
			children = (
				50D544E727EE450D00986596 /* Base */,
			);
			name = LaunchScreen.storyboard;
			sourceTree = "<group>";
		};
/* End PBXVariantGroup section */

/* Begin XCBuildConfiguration section */
		50D544EA27EE450D00986596 /* Debug */ = {
			isa = XCBuildConfiguration;
			buildSettings = {
				ALWAYS_SEARCH_USER_PATHS = NO;
				CLANG_ANALYZER_NONNULL = YES;
				CLANG_ANALYZER_NUMBER_OBJECT_CONVERSION = YES_AGGRESSIVE;
				CLANG_CXX_LANGUAGE_STANDARD = "gnu++17";
				CLANG_ENABLE_MODULES = YES;
				CLANG_ENABLE_OBJC_ARC = YES;
				CLANG_ENABLE_OBJC_WEAK = YES;
				CLANG_WARN_BLOCK_CAPTURE_AUTORELEASING = YES;
				CLANG_WARN_BOOL_CONVERSION = YES;
				CLANG_WARN_COMMA = YES;
				CLANG_WARN_CONSTANT_CONVERSION = YES;
				CLANG_WARN_DEPRECATED_OBJC_IMPLEMENTATIONS = YES;
				CLANG_WARN_DIRECT_OBJC_ISA_USAGE = YES_ERROR;
				CLANG_WARN_DOCUMENTATION_COMMENTS = YES;
				CLANG_WARN_EMPTY_BODY = YES;
				CLANG_WARN_ENUM_CONVERSION = YES;
				CLANG_WARN_INFINITE_RECURSION = YES;
				CLANG_WARN_INT_CONVERSION = YES;
				CLANG_WARN_NON_LITERAL_NULL_CONVERSION = YES;
				CLANG_WARN_OBJC_IMPLICIT_RETAIN_SELF = YES;
				CLANG_WARN_OBJC_LITERAL_CONVERSION = YES;
				CLANG_WARN_OBJC_ROOT_CLASS = YES_ERROR;
				CLANG_WARN_QUOTED_INCLUDE_IN_FRAMEWORK_HEADER = YES;
				CLANG_WARN_RANGE_LOOP_ANALYSIS = YES;
				CLANG_WARN_STRICT_PROTOTYPES = YES;
				CLANG_WARN_SUSPICIOUS_MOVE = YES;
				CLANG_WARN_UNGUARDED_AVAILABILITY = YES_AGGRESSIVE;
				CLANG_WARN_UNREACHABLE_CODE = YES;
				CLANG_WARN__DUPLICATE_METHOD_MATCH = YES;
				COPY_PHASE_STRIP = NO;
				DEBUG_INFORMATION_FORMAT = dwarf;
				ENABLE_STRICT_OBJC_MSGSEND = YES;
				ENABLE_TESTABILITY = YES;
				GCC_C_LANGUAGE_STANDARD = gnu11;
				GCC_DYNAMIC_NO_PIC = NO;
				GCC_NO_COMMON_BLOCKS = YES;
				GCC_OPTIMIZATION_LEVEL = 0;
				GCC_PREPROCESSOR_DEFINITIONS = (
					"DEBUG=1",
					"$(inherited)",
				);
				GCC_WARN_64_TO_32_BIT_CONVERSION = YES;
				GCC_WARN_ABOUT_RETURN_TYPE = YES_ERROR;
				GCC_WARN_UNDECLARED_SELECTOR = YES;
				GCC_WARN_UNINITIALIZED_AUTOS = YES_AGGRESSIVE;
				GCC_WARN_UNUSED_FUNCTION = YES;
				GCC_WARN_UNUSED_VARIABLE = YES;
				IPHONEOS_DEPLOYMENT_TARGET = 15.4;
				MTL_ENABLE_DEBUG_INFO = INCLUDE_SOURCE;
				MTL_FAST_MATH = YES;
				ONLY_ACTIVE_ARCH = YES;
				SDKROOT = iphoneos;
				SWIFT_ACTIVE_COMPILATION_CONDITIONS = DEBUG;
				SWIFT_OPTIMIZATION_LEVEL = "-Onone";
			};
			name = Debug;
		};
		50D544EB27EE450D00986596 /* Release */ = {
			isa = XCBuildConfiguration;
			buildSettings = {
				ALWAYS_SEARCH_USER_PATHS = NO;
				CLANG_ANALYZER_NONNULL = YES;
				CLANG_ANALYZER_NUMBER_OBJECT_CONVERSION = YES_AGGRESSIVE;
				CLANG_CXX_LANGUAGE_STANDARD = "gnu++17";
				CLANG_ENABLE_MODULES = YES;
				CLANG_ENABLE_OBJC_ARC = YES;
				CLANG_ENABLE_OBJC_WEAK = YES;
				CLANG_WARN_BLOCK_CAPTURE_AUTORELEASING = YES;
				CLANG_WARN_BOOL_CONVERSION = YES;
				CLANG_WARN_COMMA = YES;
				CLANG_WARN_CONSTANT_CONVERSION = YES;
				CLANG_WARN_DEPRECATED_OBJC_IMPLEMENTATIONS = YES;
				CLANG_WARN_DIRECT_OBJC_ISA_USAGE = YES_ERROR;
				CLANG_WARN_DOCUMENTATION_COMMENTS = YES;
				CLANG_WARN_EMPTY_BODY = YES;
				CLANG_WARN_ENUM_CONVERSION = YES;
				CLANG_WARN_INFINITE_RECURSION = YES;
				CLANG_WARN_INT_CONVERSION = YES;
				CLANG_WARN_NON_LITERAL_NULL_CONVERSION = YES;
				CLANG_WARN_OBJC_IMPLICIT_RETAIN_SELF = YES;
				CLANG_WARN_OBJC_LITERAL_CONVERSION = YES;
				CLANG_WARN_OBJC_ROOT_CLASS = YES_ERROR;
				CLANG_WARN_QUOTED_INCLUDE_IN_FRAMEWORK_HEADER = YES;
				CLANG_WARN_RANGE_LOOP_ANALYSIS = YES;
				CLANG_WARN_STRICT_PROTOTYPES = YES;
				CLANG_WARN_SUSPICIOUS_MOVE = YES;
				CLANG_WARN_UNGUARDED_AVAILABILITY = YES_AGGRESSIVE;
				CLANG_WARN_UNREACHABLE_CODE = YES;
				CLANG_WARN__DUPLICATE_METHOD_MATCH = YES;
				COPY_PHASE_STRIP = NO;
				DEBUG_INFORMATION_FORMAT = "dwarf-with-dsym";
				ENABLE_NS_ASSERTIONS = NO;
				ENABLE_STRICT_OBJC_MSGSEND = YES;
				GCC_C_LANGUAGE_STANDARD = gnu11;
				GCC_NO_COMMON_BLOCKS = YES;
				GCC_WARN_64_TO_32_BIT_CONVERSION = YES;
				GCC_WARN_ABOUT_RETURN_TYPE = YES_ERROR;
				GCC_WARN_UNDECLARED_SELECTOR = YES;
				GCC_WARN_UNINITIALIZED_AUTOS = YES_AGGRESSIVE;
				GCC_WARN_UNUSED_FUNCTION = YES;
				GCC_WARN_UNUSED_VARIABLE = YES;
				IPHONEOS_DEPLOYMENT_TARGET = 15.4;
				MTL_ENABLE_DEBUG_INFO = NO;
				MTL_FAST_MATH = YES;
				SDKROOT = iphoneos;
				SWIFT_COMPILATION_MODE = wholemodule;
				SWIFT_OPTIMIZATION_LEVEL = "-O";
				VALIDATE_PRODUCT = YES;
			};
			name = Release;
		};
		50D544ED27EE450D00986596 /* Debug */ = {
			isa = XCBuildConfiguration;
			buildSettings = {
				ASSETCATALOG_COMPILER_APPICON_NAME = AppIcon;
				ASSETCATALOG_COMPILER_GLOBAL_ACCENT_COLOR_NAME = AccentColor;
				CODE_SIGN_STYLE = Manual;
				CURRENT_PROJECT_VERSION = 1;
				DEVELOPMENT_TEAM = "";
				GENERATE_INFOPLIST_FILE = YES;
				INFOPLIST_FILE = ODPM_iOS/Info.plist;
				INFOPLIST_KEY_UIApplicationSupportsIndirectInputEvents = YES;
				INFOPLIST_KEY_UILaunchStoryboardName = LaunchScreen;
				INFOPLIST_KEY_UISupportedInterfaceOrientations_iPad = "UIInterfaceOrientationPortrait UIInterfaceOrientationPortraitUpsideDown UIInterfaceOrientationLandscapeLeft UIInterfaceOrientationLandscapeRight";
				INFOPLIST_KEY_UISupportedInterfaceOrientations_iPhone = "UIInterfaceOrientationPortrait UIInterfaceOrientationLandscapeLeft UIInterfaceOrientationLandscapeRight";
				LD_RUNPATH_SEARCH_PATHS = (
					"$(inherited)",
					"@executable_path/Frameworks",
				);
				MARKETING_VERSION = 1.0;
				PRODUCT_BUNDLE_IDENTIFIER = "srivats.ODPM-iOS";
				PRODUCT_NAME = "$(TARGET_NAME)";
				PROVISIONING_PROFILE_SPECIFIER = "";
				SWIFT_EMIT_LOC_STRINGS = YES;
				SWIFT_VERSION = 5.0;
				TARGETED_DEVICE_FAMILY = "1,2";
			};
			name = Debug;
		};
		50D544EE27EE450D00986596 /* Release */ = {
			isa = XCBuildConfiguration;
			buildSettings = {
				ASSETCATALOG_COMPILER_APPICON_NAME = AppIcon;
				ASSETCATALOG_COMPILER_GLOBAL_ACCENT_COLOR_NAME = AccentColor;
				CODE_SIGN_STYLE = Manual;
				CURRENT_PROJECT_VERSION = 1;
				DEVELOPMENT_TEAM = "";
				GENERATE_INFOPLIST_FILE = YES;
				INFOPLIST_FILE = ODPM_iOS/Info.plist;
				INFOPLIST_KEY_UIApplicationSupportsIndirectInputEvents = YES;
				INFOPLIST_KEY_UILaunchStoryboardName = LaunchScreen;
				INFOPLIST_KEY_UISupportedInterfaceOrientations_iPad = "UIInterfaceOrientationPortrait UIInterfaceOrientationPortraitUpsideDown UIInterfaceOrientationLandscapeLeft UIInterfaceOrientationLandscapeRight";
				INFOPLIST_KEY_UISupportedInterfaceOrientations_iPhone = "UIInterfaceOrientationPortrait UIInterfaceOrientationLandscapeLeft UIInterfaceOrientationLandscapeRight";
				LD_RUNPATH_SEARCH_PATHS = (
					"$(inherited)",
					"@executable_path/Frameworks",
				);
				MARKETING_VERSION = 1.0;
				PRODUCT_BUNDLE_IDENTIFIER = "srivats.ODPM-iOS";
				PRODUCT_NAME = "$(TARGET_NAME)";
				PROVISIONING_PROFILE_SPECIFIER = "";
				SWIFT_EMIT_LOC_STRINGS = YES;
				SWIFT_VERSION = 5.0;
				TARGETED_DEVICE_FAMILY = "1,2";
			};
			name = Release;
		};
/* End XCBuildConfiguration section */

/* Begin XCConfigurationList section */
		50D544D027EE450C00986596 /* Build configuration list for PBXProject "ODPM_iOS" */ = {
			isa = XCConfigurationList;
			buildConfigurations = (
				50D544EA27EE450D00986596 /* Debug */,
				50D544EB27EE450D00986596 /* Release */,
			);
			defaultConfigurationIsVisible = 0;
			defaultConfigurationName = Release;
		};
		50D544EC27EE450D00986596 /* Build configuration list for PBXNativeTarget "ODPM_iOS" */ = {
			isa = XCConfigurationList;
			buildConfigurations = (
				50D544ED27EE450D00986596 /* Debug */,
				50D544EE27EE450D00986596 /* Release */,
			);
			defaultConfigurationIsVisible = 0;
			defaultConfigurationName = Release;
		};
/* End XCConfigurationList section */

/* Begin XCVersionGroup section */
		50D544E127EE450C00986596 /* ODPM_iOS.xcdatamodeld */ = {
			isa = XCVersionGroup;
			children = (
				50D544E227EE450C00986596 /* ODPM_iOS.xcdatamodel */,
			);
			currentVersion = 50D544E227EE450C00986596 /* ODPM_iOS.xcdatamodel */;
			path = ODPM_iOS.xcdatamodeld;
			sourceTree = "<group>";
			versionGroupType = wrapper.xcdatamodel;
		};
/* End XCVersionGroup section */
	};
	rootObject = 50D544CD27EE450C00986596 /* Project object */;
}
